
Microsoft Visual Studio Solution File, Format Version 12.00
# Visual Studio Version 17
VisualStudioVersion = 17.9.34616.47
MinimumVisualStudioVersion = 10.0.40219.1
Project("{FAE04EC0-301F-11D3-BF4B-00C04F79EFBC}") = "Github test file", "Github test file\Github test file.csproj", "{30A83754-0E0E-43B4-B671-98091AC6043E}"
EndProject
Global
	GlobalSection(SolutionConfigurationPlatforms) = preSolution
		Debug|Any CPU = Debug|Any CPU
		Release|Any CPU = Release|Any CPU
	EndGlobalSection
	GlobalSection(ProjectConfigurationPlatforms) = postSolution
		{30A83754-0E0E-43B4-B671-98091AC6043E}.Debug|Any CPU.ActiveCfg = Debug|Any CPU
		{30A83754-0E0E-43B4-B671-98091AC6043E}.Debug|Any CPU.Build.0 = Debug|Any CPU
		{30A83754-0E0E-43B4-B671-98091AC6043E}.Release|Any CPU.ActiveCfg = Release|Any CPU
		{30A83754-0E0E-43B4-B671-98091AC6043E}.Release|Any CPU.Build.0 = Release|Any CPU
	EndGlobalSection
	GlobalSection(SolutionProperties) = preSolution
		HideSolutionNode = FALSE
	EndGlobalSection
	GlobalSection(ExtensibilityGlobals) = postSolution
		SolutionGuid = {A5A41E66-7F3E-497F-A72A-D036A6395B90}
	EndGlobalSection
EndGlobal
